
Microsoft Visual Studio Solution File, Format Version 12.00
# Visual Studio Version 18
VisualStudioVersion = 18.3.11408.92 d18.3
MinimumVisualStudioVersion = 10.0.40219.1
Project("{FAE04EC0-301F-11D3-BF4B-00C04F79EFBC}") = "PkgdefLanguage", "src\PkgdefLanguage.csproj", "{C740DDE1-7C89-42D2-AE82-DD4ADCCE4E81}"
EndProject
Project("{FAE04EC0-301F-11D3-BF4B-00C04F79EFBC}") = "PkgdefLanguage.Test", "Test\PkgdefLanguage.Test.csproj", "{BDFB7490-777A-4FE2-9FFE-DB91F5C507A2}"
EndProject
Global
	GlobalSection(SolutionConfigurationPlatforms) = preSolution
		Debug|Any CPU = Debug|Any CPU
		Release|Any CPU = Release|Any CPU
	EndGlobalSection
	GlobalSection(ProjectConfigurationPlatforms) = postSolution
		{C740DDE1-7C89-42D2-AE82-DD4ADCCE4E81}.Debug|Any CPU.ActiveCfg = Debug|Any CPU
		{C740DDE1-7C89-42D2-AE82-DD4ADCCE4E81}.Debug|Any CPU.Build.0 = Debug|Any CPU
		{C740DDE1-7C89-42D2-AE82-DD4ADCCE4E81}.Release|Any CPU.ActiveCfg = Release|Any CPU
		{C740DDE1-7C89-42D2-AE82-DD4ADCCE4E81}.Release|Any CPU.Build.0 = Release|Any CPU
		{BDFB7490-777A-4FE2-9FFE-DB91F5C507A2}.Debug|Any CPU.ActiveCfg = Debug|Any CPU
		{BDFB7490-777A-4FE2-9FFE-DB91F5C507A2}.Debug|Any CPU.Build.0 = Debug|Any CPU
		{BDFB7490-777A-4FE2-9FFE-DB91F5C507A2}.Release|Any CPU.ActiveCfg = Release|Any CPU
		{BDFB7490-777A-4FE2-9FFE-DB91F5C507A2}.Release|Any CPU.Build.0 = Release|Any CPU
	EndGlobalSection
	GlobalSection(SolutionProperties) = preSolution
		HideSolutionNode = FALSE
	EndGlobalSection
	GlobalSection(ExtensibilityGlobals) = postSolution
		SolutionGuid = {0BF52EFC-58E3-45FE-9A64-C9975CADA1D7}
	EndGlobalSection
EndGlobal
